
Microsoft Visual Studio Solution File, Format Version 12.00
# Visual Studio Version 17
VisualStudioVersion = 17.14.36401.2
MinimumVisualStudioVersion = 10.0.40219.1
Project("{FAE04EC0-301F-11D3-BF4B-00C04F79EFBC}") = "UDPChatServer", "UDPChatServer\UDPChatServer.csproj", "{D5DD621F-4B75-40B0-98CA-8B2F042EFA97}"
EndProject
Project("{FAE04EC0-301F-11D3-BF4B-00C04F79EFBC}") = "UDPChatClient", "UDPChatClient\UDPChatClient.csproj", "{0FCFEC3F-7EDB-4A43-B08F-40B5928593AD}"
EndProject
Global
	GlobalSection(SolutionConfigurationPlatforms) = preSolution
		Debug|Any CPU = Debug|Any CPU
		Release|Any CPU = Release|Any CPU
	EndGlobalSection
	GlobalSection(ProjectConfigurationPlatforms) = postSolution
		{D5DD621F-4B75-40B0-98CA-8B2F042EFA97}.Debug|Any CPU.ActiveCfg = Debug|Any CPU
		{D5DD621F-4B75-40B0-98CA-8B2F042EFA97}.Debug|Any CPU.Build.0 = Debug|Any CPU
		{D5DD621F-4B75-40B0-98CA-8B2F042EFA97}.Release|Any CPU.ActiveCfg = Release|Any CPU
		{D5DD621F-4B75-40B0-98CA-8B2F042EFA97}.Release|Any CPU.Build.0 = Release|Any CPU
		{0FCFEC3F-7EDB-4A43-B08F-40B5928593AD}.Debug|Any CPU.ActiveCfg = Debug|Any CPU
		{0FCFEC3F-7EDB-4A43-B08F-40B5928593AD}.Debug|Any CPU.Build.0 = Debug|Any CPU
		{0FCFEC3F-7EDB-4A43-B08F-40B5928593AD}.Release|Any CPU.ActiveCfg = Release|Any CPU
		{0FCFEC3F-7EDB-4A43-B08F-40B5928593AD}.Release|Any CPU.Build.0 = Release|Any CPU
	EndGlobalSection
	GlobalSection(SolutionProperties) = preSolution
		HideSolutionNode = FALSE
	EndGlobalSection
	GlobalSection(ExtensibilityGlobals) = postSolution
		SolutionGuid = {CADF6C32-1068-4402-AB7F-635DC92AF255}
	EndGlobalSection
EndGlobal
